
Microsoft Visual Studio Solution File, Format Version 12.00
# Visual Studio Version 17
VisualStudioVersion = 17.7.34031.279
MinimumVisualStudioVersion = 10.0.40219.1
Project("{FAE04EC0-301F-11D3-BF4B-00C04F79EFBC}") = "dz_3(4_2)", "dz_3(4_2)\dz_3(4_2).csproj", "{E5C131B1-C416-4421-8D7A-B4AACF0835B2}"
EndProject
Global
	GlobalSection(SolutionConfigurationPlatforms) = preSolution
		Debug|Any CPU = Debug|Any CPU
		Release|Any CPU = Release|Any CPU
	EndGlobalSection
	GlobalSection(ProjectConfigurationPlatforms) = postSolution
		{E5C131B1-C416-4421-8D7A-B4AACF0835B2}.Debug|Any CPU.ActiveCfg = Debug|Any CPU
		{E5C131B1-C416-4421-8D7A-B4AACF0835B2}.Debug|Any CPU.Build.0 = Debug|Any CPU
		{E5C131B1-C416-4421-8D7A-B4AACF0835B2}.Release|Any CPU.ActiveCfg = Release|Any CPU
		{E5C131B1-C416-4421-8D7A-B4AACF0835B2}.Release|Any CPU.Build.0 = Release|Any CPU
	EndGlobalSection
	GlobalSection(SolutionProperties) = preSolution
		HideSolutionNode = FALSE
	EndGlobalSection
	GlobalSection(ExtensibilityGlobals) = postSolution
		SolutionGuid = {69D75493-A442-4846-BAD4-7EACB3D59FF7}
	EndGlobalSection
EndGlobal
